
Microsoft Visual Studio Solution File, Format Version 12.00
# Visual Studio Version 16
VisualStudioVersion = 16.0.30621.155
MinimumVisualStudioVersion = 10.0.40219.1
Project("{D2ABAB84-BF74-430A-B69E-9DC6D40DDA17}") = "COVID-SASS", "COVID-SASS.dwproj", "{9355BC3F-E0DD-4EDA-BE3A-D91A86FE0614}"
EndProject
Global
	GlobalSection(SolutionConfigurationPlatforms) = preSolution
		Development|Default = Development|Default
	EndGlobalSection
	GlobalSection(ProjectConfigurationPlatforms) = postSolution
		{9355BC3F-E0DD-4EDA-BE3A-D91A86FE0614}.Development|Default.ActiveCfg = Development
		{9355BC3F-E0DD-4EDA-BE3A-D91A86FE0614}.Development|Default.Build.0 = Development
		{9355BC3F-E0DD-4EDA-BE3A-D91A86FE0614}.Development|Default.Deploy.0 = Development
	EndGlobalSection
	GlobalSection(SolutionProperties) = preSolution
		HideSolutionNode = FALSE
	EndGlobalSection
	GlobalSection(ExtensibilityGlobals) = postSolution
		SolutionGuid = {DD421F53-7CD9-4232-94AD-EF8E6AC5A321}
	EndGlobalSection
EndGlobal
